// !$*UTF8*$!
{
	archiveVersion = 1;
	classes = {
	};
	objectVersion = 56;
	objects = {

/* Begin PBXBuildFile section */
		3616C09B2A278CF6006B6C1B /* LoginViewController.swift in Sources */ = {isa = PBXBuildFile; fileRef = 3616C09A2A278CF6006B6C1B /* LoginViewController.swift */; };
		369491192A26F5A7006E5EC5 /* AppDelegate.swift in Sources */ = {isa = PBXBuildFile; fileRef = 369491182A26F5A7006E5EC5 /* AppDelegate.swift */; };
		3694911B2A26F5A7006E5EC5 /* SceneDelegate.swift in Sources */ = {isa = PBXBuildFile; fileRef = 3694911A2A26F5A7006E5EC5 /* SceneDelegate.swift */; };
		369491202A26F5A7006E5EC5 /* Main.storyboard in Resources */ = {isa = PBXBuildFile; fileRef = 3694911E2A26F5A7006E5EC5 /* Main.storyboard */; };
		369491222A26F5AA006E5EC5 /* Assets.xcassets in Resources */ = {isa = PBXBuildFile; fileRef = 369491212A26F5AA006E5EC5 /* Assets.xcassets */; };
		369491252A26F5AA006E5EC5 /* LaunchScreen.storyboard in Resources */ = {isa = PBXBuildFile; fileRef = 369491232A26F5AA006E5EC5 /* LaunchScreen.storyboard */; };
		3694912F2A271057006E5EC5 /* ONBoardingViewController.swift in Sources */ = {isa = PBXBuildFile; fileRef = 3694912E2A271057006E5EC5 /* ONBoardingViewController.swift */; };
		369491342A27123C006E5EC5 /* OnBoardingCollectionViewCell.swift in Sources */ = {isa = PBXBuildFile; fileRef = 369491332A27123C006E5EC5 /* OnBoardingCollectionViewCell.swift */; };
		369491372A274D37006E5EC5 /* OnboardingSlide.swift in Sources */ = {isa = PBXBuildFile; fileRef = 369491362A274D37006E5EC5 /* OnboardingSlide.swift */; };
/* End PBXBuildFile section */

/* Begin PBXFileReference section */
		3616C09A2A278CF6006B6C1B /* LoginViewController.swift */ = {isa = PBXFileReference; lastKnownFileType = sourcecode.swift; path = LoginViewController.swift; sourceTree = "<group>"; };
		369491152A26F5A7006E5EC5 /* EyeGlucose.app */ = {isa = PBXFileReference; explicitFileType = wrapper.application; includeInIndex = 0; path = EyeGlucose.app; sourceTree = BUILT_PRODUCTS_DIR; };
		369491182A26F5A7006E5EC5 /* AppDelegate.swift */ = {isa = PBXFileReference; lastKnownFileType = sourcecode.swift; path = AppDelegate.swift; sourceTree = "<group>"; };
		3694911A2A26F5A7006E5EC5 /* SceneDelegate.swift */ = {isa = PBXFileReference; lastKnownFileType = sourcecode.swift; path = SceneDelegate.swift; sourceTree = "<group>"; };
		3694911F2A26F5A7006E5EC5 /* Base */ = {isa = PBXFileReference; lastKnownFileType = file.storyboard; name = Base; path = Base.lproj/Main.storyboard; sourceTree = "<group>"; };
		369491212A26F5AA006E5EC5 /* Assets.xcassets */ = {isa = PBXFileReference; lastKnownFileType = folder.assetcatalog; path = Assets.xcassets; sourceTree = "<group>"; };
		369491242A26F5AA006E5EC5 /* Base */ = {isa = PBXFileReference; lastKnownFileType = file.storyboard; name = Base; path = Base.lproj/LaunchScreen.storyboard; sourceTree = "<group>"; };
		369491262A26F5AA006E5EC5 /* Info.plist */ = {isa = PBXFileReference; lastKnownFileType = text.plist.xml; path = Info.plist; sourceTree = "<group>"; };
		3694912E2A271057006E5EC5 /* ONBoardingViewController.swift */ = {isa = PBXFileReference; lastKnownFileType = sourcecode.swift; path = ONBoardingViewController.swift; sourceTree = "<group>"; };
		369491332A27123C006E5EC5 /* OnBoardingCollectionViewCell.swift */ = {isa = PBXFileReference; lastKnownFileType = sourcecode.swift; path = OnBoardingCollectionViewCell.swift; sourceTree = "<group>"; };
		369491362A274D37006E5EC5 /* OnboardingSlide.swift */ = {isa = PBXFileReference; lastKnownFileType = sourcecode.swift; path = OnboardingSlide.swift; sourceTree = "<group>"; };
/* End PBXFileReference section */

/* Begin PBXFrameworksBuildPhase section */
		369491122A26F5A7006E5EC5 /* Frameworks */ = {
			isa = PBXFrameworksBuildPhase;
			buildActionMask = 2147483647;
			files = (
			);
			runOnlyForDeploymentPostprocessing = 0;
		};
/* End PBXFrameworksBuildPhase section */

/* Begin PBXGroup section */
		3616C0992A278CDC006B6C1B /* Login */ = {
			isa = PBXGroup;
			children = (
				3616C09A2A278CF6006B6C1B /* LoginViewController.swift */,
			);
			path = Login;
			sourceTree = "<group>";
		};
		3694910C2A26F5A7006E5EC5 = {
			isa = PBXGroup;
			children = (
				369491172A26F5A7006E5EC5 /* EyeGlucose */,
				369491162A26F5A7006E5EC5 /* Products */,
			);
			sourceTree = "<group>";
		};
		369491162A26F5A7006E5EC5 /* Products */ = {
			isa = PBXGroup;
			children = (
				369491152A26F5A7006E5EC5 /* EyeGlucose.app */,
			);
			name = Products;
			sourceTree = "<group>";
		};
		369491172A26F5A7006E5EC5 /* EyeGlucose */ = {
			isa = PBXGroup;
			children = (
				369491302A2711DE006E5EC5 /* CustomViews */,
				3694912C2A27101F006E5EC5 /* Views */,
				369491352A274D00006E5EC5 /* Moudels */,
				369491182A26F5A7006E5EC5 /* AppDelegate.swift */,
				3694911A2A26F5A7006E5EC5 /* SceneDelegate.swift */,
				3694911E2A26F5A7006E5EC5 /* Main.storyboard */,
				369491212A26F5AA006E5EC5 /* Assets.xcassets */,
				369491232A26F5AA006E5EC5 /* LaunchScreen.storyboard */,
				369491262A26F5AA006E5EC5 /* Info.plist */,
			);
			path = EyeGlucose;
			sourceTree = "<group>";
		};
		3694912C2A27101F006E5EC5 /* Views */ = {
			isa = PBXGroup;
			children = (
				3616C0992A278CDC006B6C1B /* Login */,
				3694912D2A271031006E5EC5 /* ONBoarding */,
			);
			path = Views;
			sourceTree = "<group>";
		};
		3694912D2A271031006E5EC5 /* ONBoarding */ = {
			isa = PBXGroup;
			children = (
				3694912E2A271057006E5EC5 /* ONBoardingViewController.swift */,
			);
			path = ONBoarding;
			sourceTree = "<group>";
		};
		369491302A2711DE006E5EC5 /* CustomViews */ = {
			isa = PBXGroup;
			children = (
				369491312A2711ED006E5EC5 /* CollectionViews */,
			);
			path = CustomViews;
			sourceTree = "<group>";
		};
		369491312A2711ED006E5EC5 /* CollectionViews */ = {
			isa = PBXGroup;
			children = (
				369491322A2711FD006E5EC5 /* OnboaringCollectionView */,
			);
			path = CollectionViews;
			sourceTree = "<group>";
		};
		369491322A2711FD006E5EC5 /* OnboaringCollectionView */ = {
			isa = PBXGroup;
			children = (
				369491332A27123C006E5EC5 /* OnBoardingCollectionViewCell.swift */,
			);
			path = OnboaringCollectionView;
			sourceTree = "<group>";
		};
		369491352A274D00006E5EC5 /* Moudels */ = {
			isa = PBXGroup;
			children = (
				369491362A274D37006E5EC5 /* OnboardingSlide.swift */,
			);
			path = Moudels;
			sourceTree = "<group>";
		};
/* End PBXGroup section */

/* Begin PBXNativeTarget section */
		369491142A26F5A7006E5EC5 /* EyeGlucose */ = {
			isa = PBXNativeTarget;
			buildConfigurationList = 369491292A26F5AA006E5EC5 /* Build configuration list for PBXNativeTarget "EyeGlucose" */;
			buildPhases = (
				369491112A26F5A7006E5EC5 /* Sources */,
				369491122A26F5A7006E5EC5 /* Frameworks */,
				369491132A26F5A7006E5EC5 /* Resources */,
			);
			buildRules = (
			);
			dependencies = (
			);
			name = EyeGlucose;
			productName = EyeGlucose;
			productReference = 369491152A26F5A7006E5EC5 /* EyeGlucose.app */;
			productType = "com.apple.product-type.application";
		};
/* End PBXNativeTarget section */

/* Begin PBXProject section */
		3694910D2A26F5A7006E5EC5 /* Project object */ = {
			isa = PBXProject;
			attributes = {
				BuildIndependentTargetsInParallel = 1;
				LastSwiftUpdateCheck = 1410;
				LastUpgradeCheck = 1410;
				TargetAttributes = {
					369491142A26F5A7006E5EC5 = {
						CreatedOnToolsVersion = 14.1;
					};
				};
			};
			buildConfigurationList = 369491102A26F5A7006E5EC5 /* Build configuration list for PBXProject "EyeGlucose" */;
			compatibilityVersion = "Xcode 14.0";
			developmentRegion = en;
			hasScannedForEncodings = 0;
			knownRegions = (
				en,
				Base,
			);
			mainGroup = 3694910C2A26F5A7006E5EC5;
			productRefGroup = 369491162A26F5A7006E5EC5 /* Products */;
			projectDirPath = "";
			projectRoot = "";
			targets = (
				369491142A26F5A7006E5EC5 /* EyeGlucose */,
			);
		};
/* End PBXProject section */

/* Begin PBXResourcesBuildPhase section */
		369491132A26F5A7006E5EC5 /* Resources */ = {
			isa = PBXResourcesBuildPhase;
			buildActionMask = 2147483647;
			files = (
				369491252A26F5AA006E5EC5 /* LaunchScreen.storyboard in Resources */,
				369491222A26F5AA006E5EC5 /* Assets.xcassets in Resources */,
				369491202A26F5A7006E5EC5 /* Main.storyboard in Resources */,
			);
			runOnlyForDeploymentPostprocessing = 0;
		};
/* End PBXResourcesBuildPhase section */

/* Begin PBXSourcesBuildPhase section */
		369491112A26F5A7006E5EC5 /* Sources */ = {
			isa = PBXSourcesBuildPhase;
			buildActionMask = 2147483647;
			files = (
				3616C09B2A278CF6006B6C1B /* LoginViewController.swift in Sources */,
				369491372A274D37006E5EC5 /* OnboardingSlide.swift in Sources */,
				369491192A26F5A7006E5EC5 /* AppDelegate.swift in Sources */,
				3694911B2A26F5A7006E5EC5 /* SceneDelegate.swift in Sources */,
				3694912F2A271057006E5EC5 /* ONBoardingViewController.swift in Sources */,
				369491342A27123C006E5EC5 /* OnBoardingCollectionViewCell.swift in Sources */,
			);
			runOnlyForDeploymentPostprocessing = 0;
		};
/* End PBXSourcesBuildPhase section */

/* Begin PBXVariantGroup section */
		3694911E2A26F5A7006E5EC5 /* Main.storyboard */ = {
			isa = PBXVariantGroup;
			children = (
				3694911F2A26F5A7006E5EC5 /* Base */,
			);
			name = Main.storyboard;
			sourceTree = "<group>";
		};
		369491232A26F5AA006E5EC5 /* LaunchScreen.storyboard */ = {
			isa = PBXVariantGroup;
			children = (
				369491242A26F5AA006E5EC5 /* Base */,
			);
			name = LaunchScreen.storyboard;
			sourceTree = "<group>";
		};
/* End PBXVariantGroup section */

/* Begin XCBuildConfiguration section */
		369491272A26F5AA006E5EC5 /* Debug */ = {
			isa = XCBuildConfiguration;
			buildSettings = {
				ALWAYS_SEARCH_USER_PATHS = NO;
				CLANG_ANALYZER_NONNULL = YES;
				CLANG_ANALYZER_NUMBER_OBJECT_CONVERSION = YES_AGGRESSIVE;
				CLANG_CXX_LANGUAGE_STANDARD = "gnu++20";
				CLANG_ENABLE_MODULES = YES;
				CLANG_ENABLE_OBJC_ARC = YES;
				CLANG_ENABLE_OBJC_WEAK = YES;
				CLANG_WARN_BLOCK_CAPTURE_AUTORELEASING = YES;
				CLANG_WARN_BOOL_CONVERSION = YES;
				CLANG_WARN_COMMA = YES;
				CLANG_WARN_CONSTANT_CONVERSION = YES;
				CLANG_WARN_DEPRECATED_OBJC_IMPLEMENTATIONS = YES;
				CLANG_WARN_DIRECT_OBJC_ISA_USAGE = YES_ERROR;
				CLANG_WARN_DOCUMENTATION_COMMENTS = YES;
				CLANG_WARN_EMPTY_BODY = YES;
				CLANG_WARN_ENUM_CONVERSION = YES;
				CLANG_WARN_INFINITE_RECURSION = YES;
				CLANG_WARN_INT_CONVERSION = YES;
				CLANG_WARN_NON_LITERAL_NULL_CONVERSION = YES;
				CLANG_WARN_OBJC_IMPLICIT_RETAIN_SELF = YES;
				CLANG_WARN_OBJC_LITERAL_CONVERSION = YES;
				CLANG_WARN_OBJC_ROOT_CLASS = YES_ERROR;
				CLANG_WARN_QUOTED_INCLUDE_IN_FRAMEWORK_HEADER = YES;
				CLANG_WARN_RANGE_LOOP_ANALYSIS = YES;
				CLANG_WARN_STRICT_PROTOTYPES = YES;
				CLANG_WARN_SUSPICIOUS_MOVE = YES;
				CLANG_WARN_UNGUARDED_AVAILABILITY = YES_AGGRESSIVE;
				CLANG_WARN_UNREACHABLE_CODE = YES;
				CLANG_WARN__DUPLICATE_METHOD_MATCH = YES;
				COPY_PHASE_STRIP = NO;
				DEBUG_INFORMATION_FORMAT = dwarf;
				ENABLE_STRICT_OBJC_MSGSEND = YES;
				ENABLE_TESTABILITY = YES;
				GCC_C_LANGUAGE_STANDARD = gnu11;
				GCC_DYNAMIC_NO_PIC = NO;
				GCC_NO_COMMON_BLOCKS = YES;
				GCC_OPTIMIZATION_LEVEL = 0;
				GCC_PREPROCESSOR_DEFINITIONS = (
					"DEBUG=1",
					"$(inherited)",
				);
				GCC_WARN_64_TO_32_BIT_CONVERSION = YES;
				GCC_WARN_ABOUT_RETURN_TYPE = YES_ERROR;
				GCC_WARN_UNDECLARED_SELECTOR = YES;
				GCC_WARN_UNINITIALIZED_AUTOS = YES_AGGRESSIVE;
				GCC_WARN_UNUSED_FUNCTION = YES;
				GCC_WARN_UNUSED_VARIABLE = YES;
				IPHONEOS_DEPLOYMENT_TARGET = 16.1;
				MTL_ENABLE_DEBUG_INFO = INCLUDE_SOURCE;
				MTL_FAST_MATH = YES;
				ONLY_ACTIVE_ARCH = YES;
				SDKROOT = iphoneos;
				SWIFT_ACTIVE_COMPILATION_CONDITIONS = DEBUG;
				SWIFT_OPTIMIZATION_LEVEL = "-Onone";
			};
			name = Debug;
		};
		369491282A26F5AA006E5EC5 /* Release */ = {
			isa = XCBuildConfiguration;
			buildSettings = {
				ALWAYS_SEARCH_USER_PATHS = NO;
				CLANG_ANALYZER_NONNULL = YES;
				CLANG_ANALYZER_NUMBER_OBJECT_CONVERSION = YES_AGGRESSIVE;
				CLANG_CXX_LANGUAGE_STANDARD = "gnu++20";
				CLANG_ENABLE_MODULES = YES;
				CLANG_ENABLE_OBJC_ARC = YES;
				CLANG_ENABLE_OBJC_WEAK = YES;
				CLANG_WARN_BLOCK_CAPTURE_AUTORELEASING = YES;
				CLANG_WARN_BOOL_CONVERSION = YES;
				CLANG_WARN_COMMA = YES;
				CLANG_WARN_CONSTANT_CONVERSION = YES;
				CLANG_WARN_DEPRECATED_OBJC_IMPLEMENTATIONS = YES;
				CLANG_WARN_DIRECT_OBJC_ISA_USAGE = YES_ERROR;
				CLANG_WARN_DOCUMENTATION_COMMENTS = YES;
				CLANG_WARN_EMPTY_BODY = YES;
				CLANG_WARN_ENUM_CONVERSION = YES;
				CLANG_WARN_INFINITE_RECURSION = YES;
				CLANG_WARN_INT_CONVERSION = YES;
				CLANG_WARN_NON_LITERAL_NULL_CONVERSION = YES;
				CLANG_WARN_OBJC_IMPLICIT_RETAIN_SELF = YES;
				CLANG_WARN_OBJC_LITERAL_CONVERSION = YES;
				CLANG_WARN_OBJC_ROOT_CLASS = YES_ERROR;
				CLANG_WARN_QUOTED_INCLUDE_IN_FRAMEWORK_HEADER = YES;
				CLANG_WARN_RANGE_LOOP_ANALYSIS = YES;
				CLANG_WARN_STRICT_PROTOTYPES = YES;
				CLANG_WARN_SUSPICIOUS_MOVE = YES;
				CLANG_WARN_UNGUARDED_AVAILABILITY = YES_AGGRESSIVE;
				CLANG_WARN_UNREACHABLE_CODE = YES;
				CLANG_WARN__DUPLICATE_METHOD_MATCH = YES;
				COPY_PHASE_STRIP = NO;
				DEBUG_INFORMATION_FORMAT = "dwarf-with-dsym";
				ENABLE_NS_ASSERTIONS = NO;
				ENABLE_STRICT_OBJC_MSGSEND = YES;
				GCC_C_LANGUAGE_STANDARD = gnu11;
				GCC_NO_COMMON_BLOCKS = YES;
				GCC_WARN_64_TO_32_BIT_CONVERSION = YES;
				GCC_WARN_ABOUT_RETURN_TYPE = YES_ERROR;
				GCC_WARN_UNDECLARED_SELECTOR = YES;
				GCC_WARN_UNINITIALIZED_AUTOS = YES_AGGRESSIVE;
				GCC_WARN_UNUSED_FUNCTION = YES;
				GCC_WARN_UNUSED_VARIABLE = YES;
				IPHONEOS_DEPLOYMENT_TARGET = 16.1;
				MTL_ENABLE_DEBUG_INFO = NO;
				MTL_FAST_MATH = YES;
				SDKROOT = iphoneos;
				SWIFT_COMPILATION_MODE = wholemodule;
				SWIFT_OPTIMIZATION_LEVEL = "-O";
				VALIDATE_PRODUCT = YES;
			};
			name = Release;
		};
		3694912A2A26F5AA006E5EC5 /* Debug */ = {
			isa = XCBuildConfiguration;
			buildSettings = {
				ASSETCATALOG_COMPILER_APPICON_NAME = AppIcon;
				ASSETCATALOG_COMPILER_GLOBAL_ACCENT_COLOR_NAME = AccentColor;
				CODE_SIGN_STYLE = Automatic;
				CURRENT_PROJECT_VERSION = 1;
				DEVELOPMENT_TEAM = HR7V9T66G6;
				GENERATE_INFOPLIST_FILE = YES;
				INFOPLIST_FILE = EyeGlucose/Info.plist;
				INFOPLIST_KEY_UIApplicationSupportsIndirectInputEvents = YES;
				INFOPLIST_KEY_UILaunchStoryboardName = LaunchScreen;
				INFOPLIST_KEY_UIMainStoryboardFile = Main;
				INFOPLIST_KEY_UISupportedInterfaceOrientations_iPad = "UIInterfaceOrientationPortrait UIInterfaceOrientationPortraitUpsideDown UIInterfaceOrientationLandscapeLeft UIInterfaceOrientationLandscapeRight";
				INFOPLIST_KEY_UISupportedInterfaceOrientations_iPhone = "UIInterfaceOrientationPortrait UIInterfaceOrientationLandscapeLeft UIInterfaceOrientationLandscapeRight";
				LD_RUNPATH_SEARCH_PATHS = (
					"$(inherited)",
					"@executable_path/Frameworks",
				);
				MARKETING_VERSION = 1.0;
				PRODUCT_BUNDLE_IDENTIFIER = com.hamdi.EyeGlucose;
				PRODUCT_NAME = "$(TARGET_NAME)";
				SWIFT_EMIT_LOC_STRINGS = YES;
				SWIFT_VERSION = 5.0;
				TARGETED_DEVICE_FAMILY = "1,2";
			};
			name = Debug;
		};
		3694912B2A26F5AA006E5EC5 /* Release */ = {
			isa = XCBuildConfiguration;
			buildSettings = {
				ASSETCATALOG_COMPILER_APPICON_NAME = AppIcon;
				ASSETCATALOG_COMPILER_GLOBAL_ACCENT_COLOR_NAME = AccentColor;
				CODE_SIGN_STYLE = Automatic;
				CURRENT_PROJECT_VERSION = 1;
				DEVELOPMENT_TEAM = HR7V9T66G6;
				GENERATE_INFOPLIST_FILE = YES;
				INFOPLIST_FILE = EyeGlucose/Info.plist;
				INFOPLIST_KEY_UIApplicationSupportsIndirectInputEvents = YES;
				INFOPLIST_KEY_UILaunchStoryboardName = LaunchScreen;
				INFOPLIST_KEY_UIMainStoryboardFile = Main;
				INFOPLIST_KEY_UISupportedInterfaceOrientations_iPad = "UIInterfaceOrientationPortrait UIInterfaceOrientationPortraitUpsideDown UIInterfaceOrientationLandscapeLeft UIInterfaceOrientationLandscapeRight";
				INFOPLIST_KEY_UISupportedInterfaceOrientations_iPhone = "UIInterfaceOrientationPortrait UIInterfaceOrientationLandscapeLeft UIInterfaceOrientationLandscapeRight";
				LD_RUNPATH_SEARCH_PATHS = (
					"$(inherited)",
					"@executable_path/Frameworks",
				);
				MARKETING_VERSION = 1.0;
				PRODUCT_BUNDLE_IDENTIFIER = com.hamdi.EyeGlucose;
				PRODUCT_NAME = "$(TARGET_NAME)";
				SWIFT_EMIT_LOC_STRINGS = YES;
				SWIFT_VERSION = 5.0;
				TARGETED_DEVICE_FAMILY = "1,2";
			};
			name = Release;
		};
/* End XCBuildConfiguration section */

/* Begin XCConfigurationList section */
		369491102A26F5A7006E5EC5 /* Build configuration list for PBXProject "EyeGlucose" */ = {
			isa = XCConfigurationList;
			buildConfigurations = (
				369491272A26F5AA006E5EC5 /* Debug */,
				369491282A26F5AA006E5EC5 /* Release */,
			);
			defaultConfigurationIsVisible = 0;
			defaultConfigurationName = Release;
		};
		369491292A26F5AA006E5EC5 /* Build configuration list for PBXNativeTarget "EyeGlucose" */ = {
			isa = XCConfigurationList;
			buildConfigurations = (
				3694912A2A26F5AA006E5EC5 /* Debug */,
				3694912B2A26F5AA006E5EC5 /* Release */,
			);
			defaultConfigurationIsVisible = 0;
			defaultConfigurationName = Release;
		};
/* End XCConfigurationList section */
	};
	rootObject = 3694910D2A26F5A7006E5EC5 /* Project object */;
}
