// !$*UTF8*$!
{
	archiveVersion = 1;
	classes = {
	};
	objectVersion = 56;
	objects = {

/* Begin PBXBuildFile section */
		3616C09B2A278CF6006B6C1B /* LoginViewController.swift in Sources */ = {isa = PBXBuildFile; fileRef = 3616C09A2A278CF6006B6C1B /* LoginViewController.swift */; };
		367E620C2A2970F900049BC3 /* Validator.swift in Sources */ = {isa = PBXBuildFile; fileRef = 367E620B2A2970F900049BC3 /* Validator.swift */; };
		368555902A570C0100959E27 /* HomeTableViewCell.swift in Sources */ = {isa = PBXBuildFile; fileRef = 3685558E2A570C0100959E27 /* HomeTableViewCell.swift */; };
		368555912A570C0100959E27 /* HomeTableViewCell.xib in Resources */ = {isa = PBXBuildFile; fileRef = 3685558F2A570C0100959E27 /* HomeTableViewCell.xib */; };
		368555932A570E7D00959E27 /* HomeSlide.swift in Sources */ = {isa = PBXBuildFile; fileRef = 368555922A570E7D00959E27 /* HomeSlide.swift */; };
		3693340F2A534687008CADB2 /* DiabetesViewController.swift in Sources */ = {isa = PBXBuildFile; fileRef = 3693340E2A534687008CADB2 /* DiabetesViewController.swift */; };
		369491192A26F5A7006E5EC5 /* AppDelegate.swift in Sources */ = {isa = PBXBuildFile; fileRef = 369491182A26F5A7006E5EC5 /* AppDelegate.swift */; };
		3694911B2A26F5A7006E5EC5 /* SceneDelegate.swift in Sources */ = {isa = PBXBuildFile; fileRef = 3694911A2A26F5A7006E5EC5 /* SceneDelegate.swift */; };
		369491202A26F5A7006E5EC5 /* Main.storyboard in Resources */ = {isa = PBXBuildFile; fileRef = 3694911E2A26F5A7006E5EC5 /* Main.storyboard */; };
		369491222A26F5AA006E5EC5 /* Assets.xcassets in Resources */ = {isa = PBXBuildFile; fileRef = 369491212A26F5AA006E5EC5 /* Assets.xcassets */; };
		369491252A26F5AA006E5EC5 /* LaunchScreen.storyboard in Resources */ = {isa = PBXBuildFile; fileRef = 369491232A26F5AA006E5EC5 /* LaunchScreen.storyboard */; };
		3694912F2A271057006E5EC5 /* ONBoardingViewController.swift in Sources */ = {isa = PBXBuildFile; fileRef = 3694912E2A271057006E5EC5 /* ONBoardingViewController.swift */; };
		369491342A27123C006E5EC5 /* OnBoardingCollectionViewCell.swift in Sources */ = {isa = PBXBuildFile; fileRef = 369491332A27123C006E5EC5 /* OnBoardingCollectionViewCell.swift */; };
		369491372A274D37006E5EC5 /* OnboardingSlide.swift in Sources */ = {isa = PBXBuildFile; fileRef = 369491362A274D37006E5EC5 /* OnboardingSlide.swift */; };
		3698FE902A53CD4D008ECC18 /* BMI_Brain.swift in Sources */ = {isa = PBXBuildFile; fileRef = 3698FE8F2A53CD4D008ECC18 /* BMI_Brain.swift */; };
		3698FE922A53CD7F008ECC18 /* bmi_category.swift in Sources */ = {isa = PBXBuildFile; fileRef = 3698FE912A53CD7F008ECC18 /* bmi_category.swift */; };
		3698FE942A53CDCF008ECC18 /* BMIViewController.swift in Sources */ = {isa = PBXBuildFile; fileRef = 3698FE932A53CDCF008ECC18 /* BMIViewController.swift */; };
		3698FE962A53CE31008ECC18 /* BMIResultViewController.swift in Sources */ = {isa = PBXBuildFile; fileRef = 3698FE952A53CE31008ECC18 /* BMIResultViewController.swift */; };
		36A123402A59248000098796 /* BloodPressureViewController.swift in Sources */ = {isa = PBXBuildFile; fileRef = 36A1233F2A59248000098796 /* BloodPressureViewController.swift */; };
		36A123442A592BCF00098796 /* BloodPressureTableViewCell.swift in Sources */ = {isa = PBXBuildFile; fileRef = 36A123422A592BCF00098796 /* BloodPressureTableViewCell.swift */; };
		36A123452A592BCF00098796 /* BloodPressureTableViewCell.xib in Resources */ = {isa = PBXBuildFile; fileRef = 36A123432A592BCF00098796 /* BloodPressureTableViewCell.xib */; };
		36A123472A59336800098796 /* Pressure.swift in Sources */ = {isa = PBXBuildFile; fileRef = 36A123462A59336800098796 /* Pressure.swift */; };
		36A928142A2CF10C009FEC92 /* AlertHelper.swift in Sources */ = {isa = PBXBuildFile; fileRef = 36A928132A2CF10C009FEC92 /* AlertHelper.swift */; };
		36C29EFE2A2F55C50070A899 /* SignupViewController.swift in Sources */ = {isa = PBXBuildFile; fileRef = 36C29EFD2A2F55C50070A899 /* SignupViewController.swift */; };
		36C7762C2A5BAD140027AE3D /* NewPressureRecordViewController.swift in Sources */ = {isa = PBXBuildFile; fileRef = 36C7762B2A5BAD140027AE3D /* NewPressureRecordViewController.swift */; };
		36CABDD42A284FCE006814AA /* UIView+Extensions.swift in Sources */ = {isa = PBXBuildFile; fileRef = 36CABDD32A284FCE006814AA /* UIView+Extensions.swift */; };
		36CABDD62A285013006814AA /* UIButton+Extensions.swift in Sources */ = {isa = PBXBuildFile; fileRef = 36CABDD52A285013006814AA /* UIButton+Extensions.swift */; };
		36DDF5DF2A2F8242009A4577 /* UIViewController+Extension.swift in Sources */ = {isa = PBXBuildFile; fileRef = 36DDF5DE2A2F8242009A4577 /* UIViewController+Extension.swift */; };
		36FDAFE72A561C2800443239 /* HomeVC.swift in Sources */ = {isa = PBXBuildFile; fileRef = 36FDAFE62A561C2800443239 /* HomeVC.swift */; };
		36FDB00D2A565CF000443239 /* UIImage+Extension.swift in Sources */ = {isa = PBXBuildFile; fileRef = 36FDB00C2A565CF000443239 /* UIImage+Extension.swift */; };
/* End PBXBuildFile section */

/* Begin PBXFileReference section */
		3616C09A2A278CF6006B6C1B /* LoginViewController.swift */ = {isa = PBXFileReference; lastKnownFileType = sourcecode.swift; path = LoginViewController.swift; sourceTree = "<group>"; };
		367E620B2A2970F900049BC3 /* Validator.swift */ = {isa = PBXFileReference; lastKnownFileType = sourcecode.swift; path = Validator.swift; sourceTree = "<group>"; };
		3685558E2A570C0100959E27 /* HomeTableViewCell.swift */ = {isa = PBXFileReference; lastKnownFileType = sourcecode.swift; path = HomeTableViewCell.swift; sourceTree = "<group>"; };
		3685558F2A570C0100959E27 /* HomeTableViewCell.xib */ = {isa = PBXFileReference; lastKnownFileType = file.xib; path = HomeTableViewCell.xib; sourceTree = "<group>"; };
		368555922A570E7D00959E27 /* HomeSlide.swift */ = {isa = PBXFileReference; lastKnownFileType = sourcecode.swift; path = HomeSlide.swift; sourceTree = "<group>"; };
		3693340E2A534687008CADB2 /* DiabetesViewController.swift */ = {isa = PBXFileReference; lastKnownFileType = sourcecode.swift; path = DiabetesViewController.swift; sourceTree = "<group>"; };
		369491152A26F5A7006E5EC5 /* EyeGlucose.app */ = {isa = PBXFileReference; explicitFileType = wrapper.application; includeInIndex = 0; path = EyeGlucose.app; sourceTree = BUILT_PRODUCTS_DIR; };
		369491182A26F5A7006E5EC5 /* AppDelegate.swift */ = {isa = PBXFileReference; lastKnownFileType = sourcecode.swift; path = AppDelegate.swift; sourceTree = "<group>"; };
		3694911A2A26F5A7006E5EC5 /* SceneDelegate.swift */ = {isa = PBXFileReference; lastKnownFileType = sourcecode.swift; path = SceneDelegate.swift; sourceTree = "<group>"; };
		3694911F2A26F5A7006E5EC5 /* Base */ = {isa = PBXFileReference; lastKnownFileType = file.storyboard; name = Base; path = Base.lproj/Main.storyboard; sourceTree = "<group>"; };
		369491212A26F5AA006E5EC5 /* Assets.xcassets */ = {isa = PBXFileReference; lastKnownFileType = folder.assetcatalog; path = Assets.xcassets; sourceTree = "<group>"; };
		369491242A26F5AA006E5EC5 /* Base */ = {isa = PBXFileReference; lastKnownFileType = file.storyboard; name = Base; path = Base.lproj/LaunchScreen.storyboard; sourceTree = "<group>"; };
		369491262A26F5AA006E5EC5 /* Info.plist */ = {isa = PBXFileReference; lastKnownFileType = text.plist.xml; path = Info.plist; sourceTree = "<group>"; };
		3694912E2A271057006E5EC5 /* ONBoardingViewController.swift */ = {isa = PBXFileReference; lastKnownFileType = sourcecode.swift; path = ONBoardingViewController.swift; sourceTree = "<group>"; };
		369491332A27123C006E5EC5 /* OnBoardingCollectionViewCell.swift */ = {isa = PBXFileReference; lastKnownFileType = sourcecode.swift; path = OnBoardingCollectionViewCell.swift; sourceTree = "<group>"; };
		369491362A274D37006E5EC5 /* OnboardingSlide.swift */ = {isa = PBXFileReference; lastKnownFileType = sourcecode.swift; path = OnboardingSlide.swift; sourceTree = "<group>"; };
		3698FE8F2A53CD4D008ECC18 /* BMI_Brain.swift */ = {isa = PBXFileReference; lastKnownFileType = sourcecode.swift; path = BMI_Brain.swift; sourceTree = "<group>"; };
		3698FE912A53CD7F008ECC18 /* bmi_category.swift */ = {isa = PBXFileReference; lastKnownFileType = sourcecode.swift; path = bmi_category.swift; sourceTree = "<group>"; };
		3698FE932A53CDCF008ECC18 /* BMIViewController.swift */ = {isa = PBXFileReference; lastKnownFileType = sourcecode.swift; path = BMIViewController.swift; sourceTree = "<group>"; };
		3698FE952A53CE31008ECC18 /* BMIResultViewController.swift */ = {isa = PBXFileReference; lastKnownFileType = sourcecode.swift; path = BMIResultViewController.swift; sourceTree = "<group>"; };
		36A1233F2A59248000098796 /* BloodPressureViewController.swift */ = {isa = PBXFileReference; lastKnownFileType = sourcecode.swift; path = BloodPressureViewController.swift; sourceTree = "<group>"; };
		36A123422A592BCF00098796 /* BloodPressureTableViewCell.swift */ = {isa = PBXFileReference; lastKnownFileType = sourcecode.swift; path = BloodPressureTableViewCell.swift; sourceTree = "<group>"; };
		36A123432A592BCF00098796 /* BloodPressureTableViewCell.xib */ = {isa = PBXFileReference; lastKnownFileType = file.xib; path = BloodPressureTableViewCell.xib; sourceTree = "<group>"; };
		36A123462A59336800098796 /* Pressure.swift */ = {isa = PBXFileReference; lastKnownFileType = sourcecode.swift; path = Pressure.swift; sourceTree = "<group>"; };
		36A928132A2CF10C009FEC92 /* AlertHelper.swift */ = {isa = PBXFileReference; lastKnownFileType = sourcecode.swift; path = AlertHelper.swift; sourceTree = "<group>"; };
		36C29EFD2A2F55C50070A899 /* SignupViewController.swift */ = {isa = PBXFileReference; lastKnownFileType = sourcecode.swift; path = SignupViewController.swift; sourceTree = "<group>"; };
		36C7762B2A5BAD140027AE3D /* NewPressureRecordViewController.swift */ = {isa = PBXFileReference; lastKnownFileType = sourcecode.swift; path = NewPressureRecordViewController.swift; sourceTree = "<group>"; };
		36CABDD32A284FCE006814AA /* UIView+Extensions.swift */ = {isa = PBXFileReference; lastKnownFileType = sourcecode.swift; path = "UIView+Extensions.swift"; sourceTree = "<group>"; };
		36CABDD52A285013006814AA /* UIButton+Extensions.swift */ = {isa = PBXFileReference; lastKnownFileType = sourcecode.swift; path = "UIButton+Extensions.swift"; sourceTree = "<group>"; };
		36DDF5DE2A2F8242009A4577 /* UIViewController+Extension.swift */ = {isa = PBXFileReference; lastKnownFileType = sourcecode.swift; path = "UIViewController+Extension.swift"; sourceTree = "<group>"; };
		36FDAFE62A561C2800443239 /* HomeVC.swift */ = {isa = PBXFileReference; lastKnownFileType = sourcecode.swift; path = HomeVC.swift; sourceTree = "<group>"; };
		36FDB00C2A565CF000443239 /* UIImage+Extension.swift */ = {isa = PBXFileReference; lastKnownFileType = sourcecode.swift; path = "UIImage+Extension.swift"; sourceTree = "<group>"; };
/* End PBXFileReference section */

/* Begin PBXFrameworksBuildPhase section */
		369491122A26F5A7006E5EC5 /* Frameworks */ = {
			isa = PBXFrameworksBuildPhase;
			buildActionMask = 2147483647;
			files = (
			);
			runOnlyForDeploymentPostprocessing = 0;
		};
/* End PBXFrameworksBuildPhase section */

/* Begin PBXGroup section */
		3616C0992A278CDC006B6C1B /* Login */ = {
			isa = PBXGroup;
			children = (
				3616C09A2A278CF6006B6C1B /* LoginViewController.swift */,
			);
			path = Login;
			sourceTree = "<group>";
		};
		361B8BD12A4743280060F4AB /* Classes */ = {
			isa = PBXGroup;
			children = (
				361B8BD22A4743650060F4AB /* Validation */,
				36A928122A2CF0F4009FEC92 /* Alert Controller */,
			);
			path = Classes;
			sourceTree = "<group>";
		};
		361B8BD22A4743650060F4AB /* Validation */ = {
			isa = PBXGroup;
			children = (
				367E620B2A2970F900049BC3 /* Validator.swift */,
			);
			path = Validation;
			sourceTree = "<group>";
		};
		366A4B222A5D1DC100243998 /* Blood pressure */ = {
			isa = PBXGroup;
			children = (
				36A1233E2A59244E00098796 /* All recordes */,
				36C7762A2A5BACC00027AE3D /* New Record */,
			);
			path = "Blood pressure";
			sourceTree = "<group>";
		};
		3685558C2A570BB000959E27 /* TableViews */ = {
			isa = PBXGroup;
			children = (
				36A123412A592B8400098796 /* Blood PressureTableView */,
				3685558D2A570BBF00959E27 /* HomeTableView */,
			);
			path = TableViews;
			sourceTree = "<group>";
		};
		3685558D2A570BBF00959E27 /* HomeTableView */ = {
			isa = PBXGroup;
			children = (
				3685558E2A570C0100959E27 /* HomeTableViewCell.swift */,
				3685558F2A570C0100959E27 /* HomeTableViewCell.xib */,
			);
			path = HomeTableView;
			sourceTree = "<group>";
		};
		368C7C0E2A51339800B820EC /* Check Diabetes */ = {
			isa = PBXGroup;
			children = (
				3693340E2A534687008CADB2 /* DiabetesViewController.swift */,
			);
			path = "Check Diabetes";
			sourceTree = "<group>";
		};
		3694910C2A26F5A7006E5EC5 = {
			isa = PBXGroup;
			children = (
				369491172A26F5A7006E5EC5 /* EyeGlucose */,
				369491162A26F5A7006E5EC5 /* Products */,
			);
			sourceTree = "<group>";
		};
		369491162A26F5A7006E5EC5 /* Products */ = {
			isa = PBXGroup;
			children = (
				369491152A26F5A7006E5EC5 /* EyeGlucose.app */,
			);
			name = Products;
			sourceTree = "<group>";
		};
		369491172A26F5A7006E5EC5 /* EyeGlucose */ = {
			isa = PBXGroup;
			children = (
				36CABDD22A284EE1006814AA /* Extensions */,
				361B8BD12A4743280060F4AB /* Classes */,
				369491302A2711DE006E5EC5 /* Views */,
				3694912C2A27101F006E5EC5 /* Controllers */,
				369491352A274D00006E5EC5 /* Moudels */,
				369491182A26F5A7006E5EC5 /* AppDelegate.swift */,
				3694911A2A26F5A7006E5EC5 /* SceneDelegate.swift */,
				3694911E2A26F5A7006E5EC5 /* Main.storyboard */,
				369491212A26F5AA006E5EC5 /* Assets.xcassets */,
				369491232A26F5AA006E5EC5 /* LaunchScreen.storyboard */,
				369491262A26F5AA006E5EC5 /* Info.plist */,
			);
			path = EyeGlucose;
			sourceTree = "<group>";
		};
		3694912C2A27101F006E5EC5 /* Controllers */ = {
			isa = PBXGroup;
			children = (
				366A4B222A5D1DC100243998 /* Blood pressure */,
				3698FE982A53CE6D008ECC18 /* BMI */,
				368C7C0E2A51339800B820EC /* Check Diabetes */,
				36CABDDD2A285838006814AA /* Home */,
				36CABDD82A2851E2006814AA /* Authorization */,
				3694912D2A271031006E5EC5 /* ONBoarding */,
			);
			path = Controllers;
			sourceTree = "<group>";
		};
		3694912D2A271031006E5EC5 /* ONBoarding */ = {
			isa = PBXGroup;
			children = (
				3694912E2A271057006E5EC5 /* ONBoardingViewController.swift */,
			);
			path = ONBoarding;
			sourceTree = "<group>";
		};
		369491302A2711DE006E5EC5 /* Views */ = {
			isa = PBXGroup;
			children = (
				3685558C2A570BB000959E27 /* TableViews */,
				369491312A2711ED006E5EC5 /* CollectionViews */,
			);
			path = Views;
			sourceTree = "<group>";
		};
		369491312A2711ED006E5EC5 /* CollectionViews */ = {
			isa = PBXGroup;
			children = (
				369491322A2711FD006E5EC5 /* OnboaringCollectionView */,
			);
			path = CollectionViews;
			sourceTree = "<group>";
		};
		369491322A2711FD006E5EC5 /* OnboaringCollectionView */ = {
			isa = PBXGroup;
			children = (
				369491332A27123C006E5EC5 /* OnBoardingCollectionViewCell.swift */,
			);
			path = OnboaringCollectionView;
			sourceTree = "<group>";
		};
		369491352A274D00006E5EC5 /* Moudels */ = {
			isa = PBXGroup;
			children = (
				369491362A274D37006E5EC5 /* OnboardingSlide.swift */,
				3698FE8F2A53CD4D008ECC18 /* BMI_Brain.swift */,
				3698FE912A53CD7F008ECC18 /* bmi_category.swift */,
				368555922A570E7D00959E27 /* HomeSlide.swift */,
				36A123462A59336800098796 /* Pressure.swift */,
			);
			path = Moudels;
			sourceTree = "<group>";
		};
		3698FE662A53AA57008ECC18 /* BMI Calculator */ = {
			isa = PBXGroup;
			children = (
				3698FE932A53CDCF008ECC18 /* BMIViewController.swift */,
			);
			path = "BMI Calculator";
			sourceTree = "<group>";
		};
		3698FE972A53CE41008ECC18 /* BMI Result */ = {
			isa = PBXGroup;
			children = (
				3698FE952A53CE31008ECC18 /* BMIResultViewController.swift */,
			);
			path = "BMI Result";
			sourceTree = "<group>";
		};
		3698FE982A53CE6D008ECC18 /* BMI */ = {
			isa = PBXGroup;
			children = (
				3698FE662A53AA57008ECC18 /* BMI Calculator */,
				3698FE972A53CE41008ECC18 /* BMI Result */,
			);
			path = BMI;
			sourceTree = "<group>";
		};
		36A1233E2A59244E00098796 /* All recordes */ = {
			isa = PBXGroup;
			children = (
				36A1233F2A59248000098796 /* BloodPressureViewController.swift */,
			);
			path = "All recordes";
			sourceTree = "<group>";
		};
		36A123412A592B8400098796 /* Blood PressureTableView */ = {
			isa = PBXGroup;
			children = (
				36A123422A592BCF00098796 /* BloodPressureTableViewCell.swift */,
				36A123432A592BCF00098796 /* BloodPressureTableViewCell.xib */,
			);
			path = "Blood PressureTableView";
			sourceTree = "<group>";
		};
		36A928122A2CF0F4009FEC92 /* Alert Controller */ = {
			isa = PBXGroup;
			children = (
				36A928132A2CF10C009FEC92 /* AlertHelper.swift */,
			);
			path = "Alert Controller";
			sourceTree = "<group>";
		};
		36C7762A2A5BACC00027AE3D /* New Record */ = {
			isa = PBXGroup;
			children = (
				36C7762B2A5BAD140027AE3D /* NewPressureRecordViewController.swift */,
			);
			path = "New Record";
			sourceTree = "<group>";
		};
		36CABDD22A284EE1006814AA /* Extensions */ = {
			isa = PBXGroup;
			children = (
				36CABDD32A284FCE006814AA /* UIView+Extensions.swift */,
				36CABDD52A285013006814AA /* UIButton+Extensions.swift */,
				36DDF5DE2A2F8242009A4577 /* UIViewController+Extension.swift */,
				36FDB00C2A565CF000443239 /* UIImage+Extension.swift */,
			);
			path = Extensions;
			sourceTree = "<group>";
		};
		36CABDD72A2851CE006814AA /* Sign up  */ = {
			isa = PBXGroup;
			children = (
				36C29EFD2A2F55C50070A899 /* SignupViewController.swift */,
			);
			path = "Sign up ";
			sourceTree = "<group>";
		};
		36CABDD82A2851E2006814AA /* Authorization */ = {
			isa = PBXGroup;
			children = (
				3616C0992A278CDC006B6C1B /* Login */,
				36CABDD72A2851CE006814AA /* Sign up  */,
			);
			path = Authorization;
			sourceTree = "<group>";
		};
		36CABDDD2A285838006814AA /* Home */ = {
			isa = PBXGroup;
			children = (
				36FDAFE62A561C2800443239 /* HomeVC.swift */,
			);
			path = Home;
			sourceTree = "<group>";
		};
/* End PBXGroup section */

/* Begin PBXNativeTarget section */
		369491142A26F5A7006E5EC5 /* EyeGlucose */ = {
			isa = PBXNativeTarget;
			buildConfigurationList = 369491292A26F5AA006E5EC5 /* Build configuration list for PBXNativeTarget "EyeGlucose" */;
			buildPhases = (
				369491112A26F5A7006E5EC5 /* Sources */,
				369491122A26F5A7006E5EC5 /* Frameworks */,
				369491132A26F5A7006E5EC5 /* Resources */,
			);
			buildRules = (
			);
			dependencies = (
			);
			name = EyeGlucose;
			productName = EyeGlucose;
			productReference = 369491152A26F5A7006E5EC5 /* EyeGlucose.app */;
			productType = "com.apple.product-type.application";
		};
/* End PBXNativeTarget section */

/* Begin PBXProject section */
		3694910D2A26F5A7006E5EC5 /* Project object */ = {
			isa = PBXProject;
			attributes = {
				BuildIndependentTargetsInParallel = 1;
				LastSwiftUpdateCheck = 1410;
				LastUpgradeCheck = 1410;
				TargetAttributes = {
					369491142A26F5A7006E5EC5 = {
						CreatedOnToolsVersion = 14.1;
					};
				};
			};
			buildConfigurationList = 369491102A26F5A7006E5EC5 /* Build configuration list for PBXProject "EyeGlucose" */;
			compatibilityVersion = "Xcode 14.0";
			developmentRegion = en;
			hasScannedForEncodings = 0;
			knownRegions = (
				en,
				Base,
			);
			mainGroup = 3694910C2A26F5A7006E5EC5;
			productRefGroup = 369491162A26F5A7006E5EC5 /* Products */;
			projectDirPath = "";
			projectRoot = "";
			targets = (
				369491142A26F5A7006E5EC5 /* EyeGlucose */,
			);
		};
/* End PBXProject section */

/* Begin PBXResourcesBuildPhase section */
		369491132A26F5A7006E5EC5 /* Resources */ = {
			isa = PBXResourcesBuildPhase;
			buildActionMask = 2147483647;
			files = (
				36A123452A592BCF00098796 /* BloodPressureTableViewCell.xib in Resources */,
				369491252A26F5AA006E5EC5 /* LaunchScreen.storyboard in Resources */,
				369491222A26F5AA006E5EC5 /* Assets.xcassets in Resources */,
				368555912A570C0100959E27 /* HomeTableViewCell.xib in Resources */,
				369491202A26F5A7006E5EC5 /* Main.storyboard in Resources */,
			);
			runOnlyForDeploymentPostprocessing = 0;
		};
/* End PBXResourcesBuildPhase section */

/* Begin PBXSourcesBuildPhase section */
		369491112A26F5A7006E5EC5 /* Sources */ = {
			isa = PBXSourcesBuildPhase;
			buildActionMask = 2147483647;
			files = (
				3698FE922A53CD7F008ECC18 /* bmi_category.swift in Sources */,
				368555932A570E7D00959E27 /* HomeSlide.swift in Sources */,
				36A123472A59336800098796 /* Pressure.swift in Sources */,
				36FDAFE72A561C2800443239 /* HomeVC.swift in Sources */,
				3698FE942A53CDCF008ECC18 /* BMIViewController.swift in Sources */,
				36A123442A592BCF00098796 /* BloodPressureTableViewCell.swift in Sources */,
				36A123402A59248000098796 /* BloodPressureViewController.swift in Sources */,
				36A928142A2CF10C009FEC92 /* AlertHelper.swift in Sources */,
				3698FE902A53CD4D008ECC18 /* BMI_Brain.swift in Sources */,
				3698FE962A53CE31008ECC18 /* BMIResultViewController.swift in Sources */,
				36DDF5DF2A2F8242009A4577 /* UIViewController+Extension.swift in Sources */,
				36CABDD42A284FCE006814AA /* UIView+Extensions.swift in Sources */,
				36CABDD62A285013006814AA /* UIButton+Extensions.swift in Sources */,
				3616C09B2A278CF6006B6C1B /* LoginViewController.swift in Sources */,
				369491372A274D37006E5EC5 /* OnboardingSlide.swift in Sources */,
				3693340F2A534687008CADB2 /* DiabetesViewController.swift in Sources */,
				369491192A26F5A7006E5EC5 /* AppDelegate.swift in Sources */,
				36C7762C2A5BAD140027AE3D /* NewPressureRecordViewController.swift in Sources */,
				36C29EFE2A2F55C50070A899 /* SignupViewController.swift in Sources */,
				367E620C2A2970F900049BC3 /* Validator.swift in Sources */,
				36FDB00D2A565CF000443239 /* UIImage+Extension.swift in Sources */,
				368555902A570C0100959E27 /* HomeTableViewCell.swift in Sources */,
				3694911B2A26F5A7006E5EC5 /* SceneDelegate.swift in Sources */,
				3694912F2A271057006E5EC5 /* ONBoardingViewController.swift in Sources */,
				369491342A27123C006E5EC5 /* OnBoardingCollectionViewCell.swift in Sources */,
			);
			runOnlyForDeploymentPostprocessing = 0;
		};
/* End PBXSourcesBuildPhase section */

/* Begin PBXVariantGroup section */
		3694911E2A26F5A7006E5EC5 /* Main.storyboard */ = {
			isa = PBXVariantGroup;
			children = (
				3694911F2A26F5A7006E5EC5 /* Base */,
			);
			name = Main.storyboard;
			sourceTree = "<group>";
		};
		369491232A26F5AA006E5EC5 /* LaunchScreen.storyboard */ = {
			isa = PBXVariantGroup;
			children = (
				369491242A26F5AA006E5EC5 /* Base */,
			);
			name = LaunchScreen.storyboard;
			sourceTree = "<group>";
		};
/* End PBXVariantGroup section */

/* Begin XCBuildConfiguration section */
		369491272A26F5AA006E5EC5 /* Debug */ = {
			isa = XCBuildConfiguration;
			buildSettings = {
				ALWAYS_SEARCH_USER_PATHS = NO;
				CLANG_ANALYZER_NONNULL = YES;
				CLANG_ANALYZER_NUMBER_OBJECT_CONVERSION = YES_AGGRESSIVE;
				CLANG_CXX_LANGUAGE_STANDARD = "gnu++20";
				CLANG_ENABLE_MODULES = YES;
				CLANG_ENABLE_OBJC_ARC = YES;
				CLANG_ENABLE_OBJC_WEAK = YES;
				CLANG_WARN_BLOCK_CAPTURE_AUTORELEASING = YES;
				CLANG_WARN_BOOL_CONVERSION = YES;
				CLANG_WARN_COMMA = YES;
				CLANG_WARN_CONSTANT_CONVERSION = YES;
				CLANG_WARN_DEPRECATED_OBJC_IMPLEMENTATIONS = YES;
				CLANG_WARN_DIRECT_OBJC_ISA_USAGE = YES_ERROR;
				CLANG_WARN_DOCUMENTATION_COMMENTS = YES;
				CLANG_WARN_EMPTY_BODY = YES;
				CLANG_WARN_ENUM_CONVERSION = YES;
				CLANG_WARN_INFINITE_RECURSION = YES;
				CLANG_WARN_INT_CONVERSION = YES;
				CLANG_WARN_NON_LITERAL_NULL_CONVERSION = YES;
				CLANG_WARN_OBJC_IMPLICIT_RETAIN_SELF = YES;
				CLANG_WARN_OBJC_LITERAL_CONVERSION = YES;
				CLANG_WARN_OBJC_ROOT_CLASS = YES_ERROR;
				CLANG_WARN_QUOTED_INCLUDE_IN_FRAMEWORK_HEADER = YES;
				CLANG_WARN_RANGE_LOOP_ANALYSIS = YES;
				CLANG_WARN_STRICT_PROTOTYPES = YES;
				CLANG_WARN_SUSPICIOUS_MOVE = YES;
				CLANG_WARN_UNGUARDED_AVAILABILITY = YES_AGGRESSIVE;
				CLANG_WARN_UNREACHABLE_CODE = YES;
				CLANG_WARN__DUPLICATE_METHOD_MATCH = YES;
				COPY_PHASE_STRIP = NO;
				DEBUG_INFORMATION_FORMAT = dwarf;
				ENABLE_STRICT_OBJC_MSGSEND = YES;
				ENABLE_TESTABILITY = YES;
				GCC_C_LANGUAGE_STANDARD = gnu11;
				GCC_DYNAMIC_NO_PIC = NO;
				GCC_NO_COMMON_BLOCKS = YES;
				GCC_OPTIMIZATION_LEVEL = 0;
				GCC_PREPROCESSOR_DEFINITIONS = (
					"DEBUG=1",
					"$(inherited)",
				);
				GCC_WARN_64_TO_32_BIT_CONVERSION = YES;
				GCC_WARN_ABOUT_RETURN_TYPE = YES_ERROR;
				GCC_WARN_UNDECLARED_SELECTOR = YES;
				GCC_WARN_UNINITIALIZED_AUTOS = YES_AGGRESSIVE;
				GCC_WARN_UNUSED_FUNCTION = YES;
				GCC_WARN_UNUSED_VARIABLE = YES;
				IPHONEOS_DEPLOYMENT_TARGET = 16.1;
				MTL_ENABLE_DEBUG_INFO = INCLUDE_SOURCE;
				MTL_FAST_MATH = YES;
				ONLY_ACTIVE_ARCH = YES;
				SDKROOT = iphoneos;
				SWIFT_ACTIVE_COMPILATION_CONDITIONS = DEBUG;
				SWIFT_OPTIMIZATION_LEVEL = "-Onone";
			};
			name = Debug;
		};
		369491282A26F5AA006E5EC5 /* Release */ = {
			isa = XCBuildConfiguration;
			buildSettings = {
				ALWAYS_SEARCH_USER_PATHS = NO;
				CLANG_ANALYZER_NONNULL = YES;
				CLANG_ANALYZER_NUMBER_OBJECT_CONVERSION = YES_AGGRESSIVE;
				CLANG_CXX_LANGUAGE_STANDARD = "gnu++20";
				CLANG_ENABLE_MODULES = YES;
				CLANG_ENABLE_OBJC_ARC = YES;
				CLANG_ENABLE_OBJC_WEAK = YES;
				CLANG_WARN_BLOCK_CAPTURE_AUTORELEASING = YES;
				CLANG_WARN_BOOL_CONVERSION = YES;
				CLANG_WARN_COMMA = YES;
				CLANG_WARN_CONSTANT_CONVERSION = YES;
				CLANG_WARN_DEPRECATED_OBJC_IMPLEMENTATIONS = YES;
				CLANG_WARN_DIRECT_OBJC_ISA_USAGE = YES_ERROR;
				CLANG_WARN_DOCUMENTATION_COMMENTS = YES;
				CLANG_WARN_EMPTY_BODY = YES;
				CLANG_WARN_ENUM_CONVERSION = YES;
				CLANG_WARN_INFINITE_RECURSION = YES;
				CLANG_WARN_INT_CONVERSION = YES;
				CLANG_WARN_NON_LITERAL_NULL_CONVERSION = YES;
				CLANG_WARN_OBJC_IMPLICIT_RETAIN_SELF = YES;
				CLANG_WARN_OBJC_LITERAL_CONVERSION = YES;
				CLANG_WARN_OBJC_ROOT_CLASS = YES_ERROR;
				CLANG_WARN_QUOTED_INCLUDE_IN_FRAMEWORK_HEADER = YES;
				CLANG_WARN_RANGE_LOOP_ANALYSIS = YES;
				CLANG_WARN_STRICT_PROTOTYPES = YES;
				CLANG_WARN_SUSPICIOUS_MOVE = YES;
				CLANG_WARN_UNGUARDED_AVAILABILITY = YES_AGGRESSIVE;
				CLANG_WARN_UNREACHABLE_CODE = YES;
				CLANG_WARN__DUPLICATE_METHOD_MATCH = YES;
				COPY_PHASE_STRIP = NO;
				DEBUG_INFORMATION_FORMAT = "dwarf-with-dsym";
				ENABLE_NS_ASSERTIONS = NO;
				ENABLE_STRICT_OBJC_MSGSEND = YES;
				GCC_C_LANGUAGE_STANDARD = gnu11;
				GCC_NO_COMMON_BLOCKS = YES;
				GCC_WARN_64_TO_32_BIT_CONVERSION = YES;
				GCC_WARN_ABOUT_RETURN_TYPE = YES_ERROR;
				GCC_WARN_UNDECLARED_SELECTOR = YES;
				GCC_WARN_UNINITIALIZED_AUTOS = YES_AGGRESSIVE;
				GCC_WARN_UNUSED_FUNCTION = YES;
				GCC_WARN_UNUSED_VARIABLE = YES;
				IPHONEOS_DEPLOYMENT_TARGET = 16.1;
				MTL_ENABLE_DEBUG_INFO = NO;
				MTL_FAST_MATH = YES;
				SDKROOT = iphoneos;
				SWIFT_COMPILATION_MODE = wholemodule;
				SWIFT_OPTIMIZATION_LEVEL = "-O";
				VALIDATE_PRODUCT = YES;
			};
			name = Release;
		};
		3694912A2A26F5AA006E5EC5 /* Debug */ = {
			isa = XCBuildConfiguration;
			buildSettings = {
				ASSETCATALOG_COMPILER_APPICON_NAME = AppIcon;
				ASSETCATALOG_COMPILER_GLOBAL_ACCENT_COLOR_NAME = AccentColor;
				CODE_SIGN_STYLE = Automatic;
				CURRENT_PROJECT_VERSION = 1;
				DEVELOPMENT_TEAM = HR7V9T66G6;
				GENERATE_INFOPLIST_FILE = YES;
				INFOPLIST_FILE = EyeGlucose/Info.plist;
				INFOPLIST_KEY_UIApplicationSupportsIndirectInputEvents = YES;
				INFOPLIST_KEY_UILaunchStoryboardName = LaunchScreen;
				INFOPLIST_KEY_UIMainStoryboardFile = Main;
				INFOPLIST_KEY_UISupportedInterfaceOrientations_iPad = "UIInterfaceOrientationPortrait UIInterfaceOrientationPortraitUpsideDown UIInterfaceOrientationLandscapeLeft UIInterfaceOrientationLandscapeRight";
				INFOPLIST_KEY_UISupportedInterfaceOrientations_iPhone = "UIInterfaceOrientationPortrait UIInterfaceOrientationLandscapeLeft UIInterfaceOrientationLandscapeRight";
				LD_RUNPATH_SEARCH_PATHS = (
					"$(inherited)",
					"@executable_path/Frameworks",
				);
				MARKETING_VERSION = 1.0;
				PRODUCT_BUNDLE_IDENTIFIER = com.hamdi.EyeGlucose;
				PRODUCT_NAME = "$(TARGET_NAME)";
				SWIFT_EMIT_LOC_STRINGS = YES;
				SWIFT_VERSION = 5.0;
				TARGETED_DEVICE_FAMILY = "1,2";
			};
			name = Debug;
		};
		3694912B2A26F5AA006E5EC5 /* Release */ = {
			isa = XCBuildConfiguration;
			buildSettings = {
				ASSETCATALOG_COMPILER_APPICON_NAME = AppIcon;
				ASSETCATALOG_COMPILER_GLOBAL_ACCENT_COLOR_NAME = AccentColor;
				CODE_SIGN_STYLE = Automatic;
				CURRENT_PROJECT_VERSION = 1;
				DEVELOPMENT_TEAM = HR7V9T66G6;
				GENERATE_INFOPLIST_FILE = YES;
				INFOPLIST_FILE = EyeGlucose/Info.plist;
				INFOPLIST_KEY_UIApplicationSupportsIndirectInputEvents = YES;
				INFOPLIST_KEY_UILaunchStoryboardName = LaunchScreen;
				INFOPLIST_KEY_UIMainStoryboardFile = Main;
				INFOPLIST_KEY_UISupportedInterfaceOrientations_iPad = "UIInterfaceOrientationPortrait UIInterfaceOrientationPortraitUpsideDown UIInterfaceOrientationLandscapeLeft UIInterfaceOrientationLandscapeRight";
				INFOPLIST_KEY_UISupportedInterfaceOrientations_iPhone = "UIInterfaceOrientationPortrait UIInterfaceOrientationLandscapeLeft UIInterfaceOrientationLandscapeRight";
				LD_RUNPATH_SEARCH_PATHS = (
					"$(inherited)",
					"@executable_path/Frameworks",
				);
				MARKETING_VERSION = 1.0;
				PRODUCT_BUNDLE_IDENTIFIER = com.hamdi.EyeGlucose;
				PRODUCT_NAME = "$(TARGET_NAME)";
				SWIFT_EMIT_LOC_STRINGS = YES;
				SWIFT_VERSION = 5.0;
				TARGETED_DEVICE_FAMILY = "1,2";
			};
			name = Release;
		};
/* End XCBuildConfiguration section */

/* Begin XCConfigurationList section */
		369491102A26F5A7006E5EC5 /* Build configuration list for PBXProject "EyeGlucose" */ = {
			isa = XCConfigurationList;
			buildConfigurations = (
				369491272A26F5AA006E5EC5 /* Debug */,
				369491282A26F5AA006E5EC5 /* Release */,
			);
			defaultConfigurationIsVisible = 0;
			defaultConfigurationName = Release;
		};
		369491292A26F5AA006E5EC5 /* Build configuration list for PBXNativeTarget "EyeGlucose" */ = {
			isa = XCConfigurationList;
			buildConfigurations = (
				3694912A2A26F5AA006E5EC5 /* Debug */,
				3694912B2A26F5AA006E5EC5 /* Release */,
			);
			defaultConfigurationIsVisible = 0;
			defaultConfigurationName = Release;
		};
/* End XCConfigurationList section */
	};
	rootObject = 3694910D2A26F5A7006E5EC5 /* Project object */;
}
